// !$*UTF8*$!
{
	archiveVersion = 1;
	classes = {
	};
	objectVersion = 50;
	objects = {

/* Begin PBXBuildFile section */
		30635CD421436D03001EC7AD /* AccountsView.storyboard in Resources */ = {isa = PBXBuildFile; fileRef = 30635CD321436D03001EC7AD /* AccountsView.storyboard */; };
		30635CD821442060001EC7AD /* AccountsController.swift in Sources */ = {isa = PBXBuildFile; fileRef = 30635CD721442060001EC7AD /* AccountsController.swift */; };
		88B2242721442EBF0065308A /* NutritionixAPI.swift in Sources */ = {isa = PBXBuildFile; fileRef = 88B2242621442EBF0065308A /* NutritionixAPI.swift */; };
		88FF7E862143324100D541EF /* AppDelegate.swift in Sources */ = {isa = PBXBuildFile; fileRef = 88FF7E852143324100D541EF /* AppDelegate.swift */; };
		88FF7E882143324100D541EF /* art.scnassets in Resources */ = {isa = PBXBuildFile; fileRef = 88FF7E872143324100D541EF /* art.scnassets */; };
		88FF7E8A2143324100D541EF /* ARViewController.swift in Sources */ = {isa = PBXBuildFile; fileRef = 88FF7E892143324100D541EF /* ARViewController.swift */; };
		88FF7E8D2143324100D541EF /* ARView.storyboard in Resources */ = {isa = PBXBuildFile; fileRef = 88FF7E8B2143324100D541EF /* ARView.storyboard */; };
		88FF7E8F2143324300D541EF /* Assets.xcassets in Resources */ = {isa = PBXBuildFile; fileRef = 88FF7E8E2143324300D541EF /* Assets.xcassets */; };
		88FF7E922143324300D541EF /* LaunchScreen.storyboard in Resources */ = {isa = PBXBuildFile; fileRef = 88FF7E902143324300D541EF /* LaunchScreen.storyboard */; };
		88FF7E9A214349A300D541EF /* Main.storyboard in Resources */ = {isa = PBXBuildFile; fileRef = 88FF7E99214349A300D541EF /* Main.storyboard */; };
		E3142E6E276424141AA56861 /* Pods_SugarCube.framework in Frameworks */ = {isa = PBXBuildFile; fileRef = BD9309C9D1BC97C1DD8709B4 /* Pods_SugarCube.framework */; };
/* End PBXBuildFile section */

/* Begin PBXFileReference section */
		22708875A5A55188B20CC245 /* Pods-SugarCube.debug.xcconfig */ = {isa = PBXFileReference; includeInIndex = 1; lastKnownFileType = text.xcconfig; name = "Pods-SugarCube.debug.xcconfig"; path = "Pods/Target Support Files/Pods-SugarCube/Pods-SugarCube.debug.xcconfig"; sourceTree = "<group>"; };
		30635CD321436D03001EC7AD /* AccountsView.storyboard */ = {isa = PBXFileReference; lastKnownFileType = file.storyboard; path = AccountsView.storyboard; sourceTree = "<group>"; };
		30635CD721442060001EC7AD /* AccountsController.swift */ = {isa = PBXFileReference; lastKnownFileType = sourcecode.swift; path = AccountsController.swift; sourceTree = "<group>"; };
		88B2242621442EBF0065308A /* NutritionixAPI.swift */ = {isa = PBXFileReference; lastKnownFileType = sourcecode.swift; path = NutritionixAPI.swift; sourceTree = "<group>"; };
		88FF7E822143324100D541EF /* SugarCube.app */ = {isa = PBXFileReference; explicitFileType = wrapper.application; includeInIndex = 0; path = SugarCube.app; sourceTree = BUILT_PRODUCTS_DIR; };
		88FF7E852143324100D541EF /* AppDelegate.swift */ = {isa = PBXFileReference; lastKnownFileType = sourcecode.swift; path = AppDelegate.swift; sourceTree = "<group>"; };
		88FF7E872143324100D541EF /* art.scnassets */ = {isa = PBXFileReference; lastKnownFileType = wrapper.scnassets; path = art.scnassets; sourceTree = "<group>"; };
		88FF7E892143324100D541EF /* ARViewController.swift */ = {isa = PBXFileReference; lastKnownFileType = sourcecode.swift; path = ARViewController.swift; sourceTree = "<group>"; };
		88FF7E8C2143324100D541EF /* Base */ = {isa = PBXFileReference; lastKnownFileType = file.storyboard; name = Base; path = Base.lproj/ARView.storyboard; sourceTree = "<group>"; };
		88FF7E8E2143324300D541EF /* Assets.xcassets */ = {isa = PBXFileReference; lastKnownFileType = folder.assetcatalog; path = Assets.xcassets; sourceTree = "<group>"; };
		88FF7E912143324300D541EF /* Base */ = {isa = PBXFileReference; lastKnownFileType = file.storyboard; name = Base; path = Base.lproj/LaunchScreen.storyboard; sourceTree = "<group>"; };
		88FF7E932143324300D541EF /* Info.plist */ = {isa = PBXFileReference; lastKnownFileType = text.plist.xml; path = Info.plist; sourceTree = "<group>"; };
		88FF7E99214349A300D541EF /* Main.storyboard */ = {isa = PBXFileReference; lastKnownFileType = file.storyboard; path = Main.storyboard; sourceTree = "<group>"; };
		BD9309C9D1BC97C1DD8709B4 /* Pods_SugarCube.framework */ = {isa = PBXFileReference; explicitFileType = wrapper.framework; includeInIndex = 0; path = Pods_SugarCube.framework; sourceTree = BUILT_PRODUCTS_DIR; };
		C5B0D8AD335BD48657E0BADC /* Pods-SugarCube.release.xcconfig */ = {isa = PBXFileReference; includeInIndex = 1; lastKnownFileType = text.xcconfig; name = "Pods-SugarCube.release.xcconfig"; path = "Pods/Target Support Files/Pods-SugarCube/Pods-SugarCube.release.xcconfig"; sourceTree = "<group>"; };
/* End PBXFileReference section */

/* Begin PBXFrameworksBuildPhase section */
		88FF7E7F2143324100D541EF /* Frameworks */ = {
			isa = PBXFrameworksBuildPhase;
			buildActionMask = 2147483647;
			files = (
				E3142E6E276424141AA56861 /* Pods_SugarCube.framework in Frameworks */,
			);
			runOnlyForDeploymentPostprocessing = 0;
		};
/* End PBXFrameworksBuildPhase section */

/* Begin PBXGroup section */
		30635CD0214366BB001EC7AD /* Account */ = {
			isa = PBXGroup;
			children = (
				30635CD321436D03001EC7AD /* AccountsView.storyboard */,
				30635CD721442060001EC7AD /* AccountsController.swift */,
			);
			path = Account;
			sourceTree = "<group>";
		};
		7D336A7ED5B26C6BD2539033 /* Frameworks */ = {
			isa = PBXGroup;
			children = (
				BD9309C9D1BC97C1DD8709B4 /* Pods_SugarCube.framework */,
			);
			name = Frameworks;
			sourceTree = "<group>";
		};
		86CBBFA6F724E1394BDAD761 /* Pods */ = {
			isa = PBXGroup;
			children = (
				22708875A5A55188B20CC245 /* Pods-SugarCube.debug.xcconfig */,
				C5B0D8AD335BD48657E0BADC /* Pods-SugarCube.release.xcconfig */,
			);
			name = Pods;
			sourceTree = "<group>";
		};
		88FF7E792143324100D541EF = {
			isa = PBXGroup;
			children = (
				88FF7E842143324100D541EF /* SugarCube */,
				88FF7E832143324100D541EF /* Products */,
				86CBBFA6F724E1394BDAD761 /* Pods */,
				7D336A7ED5B26C6BD2539033 /* Frameworks */,
			);
			sourceTree = "<group>";
		};
		88FF7E832143324100D541EF /* Products */ = {
			isa = PBXGroup;
			children = (
				88FF7E822143324100D541EF /* SugarCube.app */,
			);
			name = Products;
			sourceTree = "<group>";
		};
		88FF7E842143324100D541EF /* SugarCube */ = {
			isa = PBXGroup;
			children = (
				30635CD0214366BB001EC7AD /* Account */,
				88FF7E852143324100D541EF /* AppDelegate.swift */,
				88FF7E872143324100D541EF /* art.scnassets */,
				88FF7E9B21434B4B00D541EF /* AR */,
				88FF7E99214349A300D541EF /* Main.storyboard */,
				88FF7E8E2143324300D541EF /* Assets.xcassets */,
				88FF7E902143324300D541EF /* LaunchScreen.storyboard */,
				88B2242621442EBF0065308A /* NutritionixAPI.swift */,
				88FF7E932143324300D541EF /* Info.plist */,
			);
			path = SugarCube;
			sourceTree = "<group>";
		};
		88FF7E9B21434B4B00D541EF /* AR */ = {
			isa = PBXGroup;
			children = (
				88FF7E892143324100D541EF /* ARViewController.swift */,
				88FF7E8B2143324100D541EF /* ARView.storyboard */,
			);
			path = AR;
			sourceTree = "<group>";
		};
/* End PBXGroup section */

/* Begin PBXNativeTarget section */
		88FF7E812143324100D541EF /* SugarCube */ = {
			isa = PBXNativeTarget;
			buildConfigurationList = 88FF7E962143324300D541EF /* Build configuration list for PBXNativeTarget "SugarCube" */;
			buildPhases = (
				64BD5782E728979BA7195F84 /* [CP] Check Pods Manifest.lock */,
				88FF7E7E2143324100D541EF /* Sources */,
				88FF7E7F2143324100D541EF /* Frameworks */,
				88FF7E802143324100D541EF /* Resources */,
				03FBB724CE34F6691C272FD9 /* [CP] Embed Pods Frameworks */,
			);
			buildRules = (
			);
			dependencies = (
			);
			name = SugarCube;
			productName = SugarCube;
			productReference = 88FF7E822143324100D541EF /* SugarCube.app */;
			productType = "com.apple.product-type.application";
		};
/* End PBXNativeTarget section */

/* Begin PBXProject section */
		88FF7E7A2143324100D541EF /* Project object */ = {
			isa = PBXProject;
			attributes = {
				LastSwiftUpdateCheck = 0940;
				LastUpgradeCheck = 0940;
				ORGANIZATIONNAME = "Jesse Friedman";
				TargetAttributes = {
					88FF7E812143324100D541EF = {
						CreatedOnToolsVersion = 9.4.1;
					};
				};
			};
			buildConfigurationList = 88FF7E7D2143324100D541EF /* Build configuration list for PBXProject "SugarCube" */;
			compatibilityVersion = "Xcode 9.3";
			developmentRegion = en;
			hasScannedForEncodings = 0;
			knownRegions = (
				en,
				Base,
			);
			mainGroup = 88FF7E792143324100D541EF;
			productRefGroup = 88FF7E832143324100D541EF /* Products */;
			projectDirPath = "";
			projectRoot = "";
			targets = (
				88FF7E812143324100D541EF /* SugarCube */,
			);
		};
/* End PBXProject section */

/* Begin PBXResourcesBuildPhase section */
		88FF7E802143324100D541EF /* Resources */ = {
			isa = PBXResourcesBuildPhase;
			buildActionMask = 2147483647;
			files = (
				88FF7E882143324100D541EF /* art.scnassets in Resources */,
				88FF7E9A214349A300D541EF /* Main.storyboard in Resources */,
				88FF7E922143324300D541EF /* LaunchScreen.storyboard in Resources */,
				88FF7E8F2143324300D541EF /* Assets.xcassets in Resources */,
				88FF7E8D2143324100D541EF /* ARView.storyboard in Resources */,
				30635CD421436D03001EC7AD /* AccountsView.storyboard in Resources */,
			);
			runOnlyForDeploymentPostprocessing = 0;
		};
/* End PBXResourcesBuildPhase section */

/* Begin PBXShellScriptBuildPhase section */
		03FBB724CE34F6691C272FD9 /* [CP] Embed Pods Frameworks */ = {
			isa = PBXShellScriptBuildPhase;
			buildActionMask = 2147483647;
			files = (
			);
			inputPaths = (
				"${SRCROOT}/Pods/Target Support Files/Pods-SugarCube/Pods-SugarCube-frameworks.sh",
				"${BUILT_PRODUCTS_DIR}/StitchCore/StitchCore.framework",
				"${BUILT_PRODUCTS_DIR}/StitchCoreRemoteMongoDBService/StitchCoreRemoteMongoDBService.framework",
				"${PODS_ROOT}/StitchCoreSDK/Frameworks/ios/libbson.framework",
				"${PODS_ROOT}/StitchCoreSDK/Frameworks/ios/libmongoc.framework",
				"${PODS_ROOT}/StitchCoreSDK/Frameworks/ios/MongoSwift.framework",
				"${BUILT_PRODUCTS_DIR}/StitchCoreSDK/StitchCoreSDK.framework",
				"${BUILT_PRODUCTS_DIR}/StitchRemoteMongoDBService/StitchRemoteMongoDBService.framework",
			);
			name = "[CP] Embed Pods Frameworks";
			outputPaths = (
				"${TARGET_BUILD_DIR}/${FRAMEWORKS_FOLDER_PATH}/StitchCore.framework",
				"${TARGET_BUILD_DIR}/${FRAMEWORKS_FOLDER_PATH}/StitchCoreRemoteMongoDBService.framework",
				"${TARGET_BUILD_DIR}/${FRAMEWORKS_FOLDER_PATH}/libbson.framework",
				"${TARGET_BUILD_DIR}/${FRAMEWORKS_FOLDER_PATH}/libmongoc.framework",
				"${TARGET_BUILD_DIR}/${FRAMEWORKS_FOLDER_PATH}/MongoSwift.framework",
				"${TARGET_BUILD_DIR}/${FRAMEWORKS_FOLDER_PATH}/StitchCoreSDK.framework",
				"${TARGET_BUILD_DIR}/${FRAMEWORKS_FOLDER_PATH}/StitchRemoteMongoDBService.framework",
			);
			runOnlyForDeploymentPostprocessing = 0;
			shellPath = /bin/sh;
			shellScript = "\"${SRCROOT}/Pods/Target Support Files/Pods-SugarCube/Pods-SugarCube-frameworks.sh\"\n";
			showEnvVarsInLog = 0;
		};
		64BD5782E728979BA7195F84 /* [CP] Check Pods Manifest.lock */ = {
			isa = PBXShellScriptBuildPhase;
			buildActionMask = 2147483647;
			files = (
			);
			inputPaths = (
				"${PODS_PODFILE_DIR_PATH}/Podfile.lock",
				"${PODS_ROOT}/Manifest.lock",
			);
			name = "[CP] Check Pods Manifest.lock";
			outputPaths = (
				"$(DERIVED_FILE_DIR)/Pods-SugarCube-checkManifestLockResult.txt",
			);
			runOnlyForDeploymentPostprocessing = 0;
			shellPath = /bin/sh;
			shellScript = "diff \"${PODS_PODFILE_DIR_PATH}/Podfile.lock\" \"${PODS_ROOT}/Manifest.lock\" > /dev/null\nif [ $? != 0 ] ; then\n    # print error to STDERR\n    echo \"error: The sandbox is not in sync with the Podfile.lock. Run 'pod install' or update your CocoaPods installation.\" >&2\n    exit 1\nfi\n# This output is used by Xcode 'outputs' to avoid re-running this script phase.\necho \"SUCCESS\" > \"${SCRIPT_OUTPUT_FILE_0}\"\n";
			showEnvVarsInLog = 0;
		};
/* End PBXShellScriptBuildPhase section */

/* Begin PBXSourcesBuildPhase section */
		88FF7E7E2143324100D541EF /* Sources */ = {
			isa = PBXSourcesBuildPhase;
			buildActionMask = 2147483647;
			files = (
				88FF7E8A2143324100D541EF /* ARViewController.swift in Sources */,
				88FF7E862143324100D541EF /* AppDelegate.swift in Sources */,
				88B2242721442EBF0065308A /* NutritionixAPI.swift in Sources */,
				30635CD821442060001EC7AD /* AccountsController.swift in Sources */,
			);
			runOnlyForDeploymentPostprocessing = 0;
		};
/* End PBXSourcesBuildPhase section */

/* Begin PBXVariantGroup section */
		88FF7E8B2143324100D541EF /* ARView.storyboard */ = {
			isa = PBXVariantGroup;
			children = (
				88FF7E8C2143324100D541EF /* Base */,
			);
			name = ARView.storyboard;
			sourceTree = "<group>";
		};
		88FF7E902143324300D541EF /* LaunchScreen.storyboard */ = {
			isa = PBXVariantGroup;
			children = (
				88FF7E912143324300D541EF /* Base */,
			);
			name = LaunchScreen.storyboard;
			sourceTree = "<group>";
		};
/* End PBXVariantGroup section */

/* Begin XCBuildConfiguration section */
		88FF7E942143324300D541EF /* Debug */ = {
			isa = XCBuildConfiguration;
			buildSettings = {
				ALWAYS_SEARCH_USER_PATHS = NO;
				CLANG_ANALYZER_NONNULL = YES;
				CLANG_ANALYZER_NUMBER_OBJECT_CONVERSION = YES_AGGRESSIVE;
				CLANG_CXX_LANGUAGE_STANDARD = "gnu++14";
				CLANG_CXX_LIBRARY = "libc++";
				CLANG_ENABLE_MODULES = YES;
				CLANG_ENABLE_OBJC_ARC = YES;
				CLANG_ENABLE_OBJC_WEAK = YES;
				CLANG_WARN_BLOCK_CAPTURE_AUTORELEASING = YES;
				CLANG_WARN_BOOL_CONVERSION = YES;
				CLANG_WARN_COMMA = YES;
				CLANG_WARN_CONSTANT_CONVERSION = YES;
				CLANG_WARN_DEPRECATED_OBJC_IMPLEMENTATIONS = YES;
				CLANG_WARN_DIRECT_OBJC_ISA_USAGE = YES_ERROR;
				CLANG_WARN_DOCUMENTATION_COMMENTS = YES;
				CLANG_WARN_EMPTY_BODY = YES;
				CLANG_WARN_ENUM_CONVERSION = YES;
				CLANG_WARN_INFINITE_RECURSION = YES;
				CLANG_WARN_INT_CONVERSION = YES;
				CLANG_WARN_NON_LITERAL_NULL_CONVERSION = YES;
				CLANG_WARN_OBJC_IMPLICIT_RETAIN_SELF = YES;
				CLANG_WARN_OBJC_LITERAL_CONVERSION = YES;
				CLANG_WARN_OBJC_ROOT_CLASS = YES_ERROR;
				CLANG_WARN_RANGE_LOOP_ANALYSIS = YES;
				CLANG_WARN_STRICT_PROTOTYPES = YES;
				CLANG_WARN_SUSPICIOUS_MOVE = YES;
				CLANG_WARN_UNGUARDED_AVAILABILITY = YES_AGGRESSIVE;
				CLANG_WARN_UNREACHABLE_CODE = YES;
				CLANG_WARN__DUPLICATE_METHOD_MATCH = YES;
				CODE_SIGN_IDENTITY = "iPhone Developer";
				COPY_PHASE_STRIP = NO;
				DEBUG_INFORMATION_FORMAT = dwarf;
				ENABLE_STRICT_OBJC_MSGSEND = YES;
				ENABLE_TESTABILITY = YES;
				GCC_C_LANGUAGE_STANDARD = gnu11;
				GCC_DYNAMIC_NO_PIC = NO;
				GCC_NO_COMMON_BLOCKS = YES;
				GCC_OPTIMIZATION_LEVEL = 0;
				GCC_PREPROCESSOR_DEFINITIONS = (
					"DEBUG=1",
					"$(inherited)",
				);
				GCC_WARN_64_TO_32_BIT_CONVERSION = YES;
				GCC_WARN_ABOUT_RETURN_TYPE = YES_ERROR;
				GCC_WARN_UNDECLARED_SELECTOR = YES;
				GCC_WARN_UNINITIALIZED_AUTOS = YES_AGGRESSIVE;
				GCC_WARN_UNUSED_FUNCTION = YES;
				GCC_WARN_UNUSED_VARIABLE = YES;
				IPHONEOS_DEPLOYMENT_TARGET = 11.4;
				MTL_ENABLE_DEBUG_INFO = YES;
				ONLY_ACTIVE_ARCH = YES;
				SDKROOT = iphoneos;
				SWIFT_ACTIVE_COMPILATION_CONDITIONS = DEBUG;
				SWIFT_OPTIMIZATION_LEVEL = "-Onone";
			};
			name = Debug;
		};
		88FF7E952143324300D541EF /* Release */ = {
			isa = XCBuildConfiguration;
			buildSettings = {
				ALWAYS_SEARCH_USER_PATHS = NO;
				CLANG_ANALYZER_NONNULL = YES;
				CLANG_ANALYZER_NUMBER_OBJECT_CONVERSION = YES_AGGRESSIVE;
				CLANG_CXX_LANGUAGE_STANDARD = "gnu++14";
				CLANG_CXX_LIBRARY = "libc++";
				CLANG_ENABLE_MODULES = YES;
				CLANG_ENABLE_OBJC_ARC = YES;
				CLANG_ENABLE_OBJC_WEAK = YES;
				CLANG_WARN_BLOCK_CAPTURE_AUTORELEASING = YES;
				CLANG_WARN_BOOL_CONVERSION = YES;
				CLANG_WARN_COMMA = YES;
				CLANG_WARN_CONSTANT_CONVERSION = YES;
				CLANG_WARN_DEPRECATED_OBJC_IMPLEMENTATIONS = YES;
				CLANG_WARN_DIRECT_OBJC_ISA_USAGE = YES_ERROR;
				CLANG_WARN_DOCUMENTATION_COMMENTS = YES;
				CLANG_WARN_EMPTY_BODY = YES;
				CLANG_WARN_ENUM_CONVERSION = YES;
				CLANG_WARN_INFINITE_RECURSION = YES;
				CLANG_WARN_INT_CONVERSION = YES;
				CLANG_WARN_NON_LITERAL_NULL_CONVERSION = YES;
				CLANG_WARN_OBJC_IMPLICIT_RETAIN_SELF = YES;
				CLANG_WARN_OBJC_LITERAL_CONVERSION = YES;
				CLANG_WARN_OBJC_ROOT_CLASS = YES_ERROR;
				CLANG_WARN_RANGE_LOOP_ANALYSIS = YES;
				CLANG_WARN_STRICT_PROTOTYPES = YES;
				CLANG_WARN_SUSPICIOUS_MOVE = YES;
				CLANG_WARN_UNGUARDED_AVAILABILITY = YES_AGGRESSIVE;
				CLANG_WARN_UNREACHABLE_CODE = YES;
				CLANG_WARN__DUPLICATE_METHOD_MATCH = YES;
				CODE_SIGN_IDENTITY = "iPhone Developer";
				COPY_PHASE_STRIP = NO;
				DEBUG_INFORMATION_FORMAT = "dwarf-with-dsym";
				ENABLE_NS_ASSERTIONS = NO;
				ENABLE_STRICT_OBJC_MSGSEND = YES;
				GCC_C_LANGUAGE_STANDARD = gnu11;
				GCC_NO_COMMON_BLOCKS = YES;
				GCC_WARN_64_TO_32_BIT_CONVERSION = YES;
				GCC_WARN_ABOUT_RETURN_TYPE = YES_ERROR;
				GCC_WARN_UNDECLARED_SELECTOR = YES;
				GCC_WARN_UNINITIALIZED_AUTOS = YES_AGGRESSIVE;
				GCC_WARN_UNUSED_FUNCTION = YES;
				GCC_WARN_UNUSED_VARIABLE = YES;
				IPHONEOS_DEPLOYMENT_TARGET = 11.4;
				MTL_ENABLE_DEBUG_INFO = NO;
				SDKROOT = iphoneos;
				SWIFT_COMPILATION_MODE = wholemodule;
				SWIFT_OPTIMIZATION_LEVEL = "-O";
				VALIDATE_PRODUCT = YES;
			};
			name = Release;
		};
		88FF7E972143324300D541EF /* Debug */ = {
			isa = XCBuildConfiguration;
			baseConfigurationReference = 22708875A5A55188B20CC245 /* Pods-SugarCube.debug.xcconfig */;
			buildSettings = {
				ASSETCATALOG_COMPILER_APPICON_NAME = AppIcon;
				CODE_SIGN_STYLE = Automatic;
				DEVELOPMENT_TEAM = QD7B3VMGB7;
				INFOPLIST_FILE = SugarCube/Info.plist;
				LD_RUNPATH_SEARCH_PATHS = (
					"$(inherited)",
					"@executable_path/Frameworks",
				);
				PRODUCT_BUNDLE_IDENTIFIER = ws.jesse.SugarCube;
				PRODUCT_NAME = "$(TARGET_NAME)";
				SWIFT_VERSION = 4.0;
				TARGETED_DEVICE_FAMILY = "1,2";
			};
			name = Debug;
		};
		88FF7E982143324300D541EF /* Release */ = {
			isa = XCBuildConfiguration;
			baseConfigurationReference = C5B0D8AD335BD48657E0BADC /* Pods-SugarCube.release.xcconfig */;
			buildSettings = {
				ASSETCATALOG_COMPILER_APPICON_NAME = AppIcon;
				CODE_SIGN_STYLE = Automatic;
				DEVELOPMENT_TEAM = QD7B3VMGB7;
				INFOPLIST_FILE = SugarCube/Info.plist;
				LD_RUNPATH_SEARCH_PATHS = (
					"$(inherited)",
					"@executable_path/Frameworks",
				);
				PRODUCT_BUNDLE_IDENTIFIER = ws.jesse.SugarCube;
				PRODUCT_NAME = "$(TARGET_NAME)";
				SWIFT_VERSION = 4.0;
				TARGETED_DEVICE_FAMILY = "1,2";
			};
			name = Release;
		};
/* End XCBuildConfiguration section */

/* Begin XCConfigurationList section */
		88FF7E7D2143324100D541EF /* Build configuration list for PBXProject "SugarCube" */ = {
			isa = XCConfigurationList;
			buildConfigurations = (
				88FF7E942143324300D541EF /* Debug */,
				88FF7E952143324300D541EF /* Release */,
			);
			defaultConfigurationIsVisible = 0;
			defaultConfigurationName = Release;
		};
		88FF7E962143324300D541EF /* Build configuration list for PBXNativeTarget "SugarCube" */ = {
			isa = XCConfigurationList;
			buildConfigurations = (
				88FF7E972143324300D541EF /* Debug */,
				88FF7E982143324300D541EF /* Release */,
			);
			defaultConfigurationIsVisible = 0;
			defaultConfigurationName = Release;
		};
/* End XCConfigurationList section */
	};
	rootObject = 88FF7E7A2143324100D541EF /* Project object */;
}
